{
  "nodes": {
    "nixpkgs": {
      "locked": {
        "lastModified": 1668852955,
        "narHash": "sha256-1ozaNW9uFRvm3cP9M6FPx+hdqyFQnf49M3HrLQ6nqrk=",
        "owner": "NixOS",
        "repo": "nixpkgs",
        "rev": "2fb6f9fb0ef3ca727cbd9ae30b90d1ce49d5fcca",
        "type": "github"
      },
      "original": {
        "owner": "NixOS",
        "ref": "nixpkgs-unstable",
        "repo": "nixpkgs",
        "type": "github"
      }
    },
    "root": {
      "inputs": {
        "nixpkgs": "nixpkgs",
        "utils": "utils"
      }
    },
    "utils": {
      "locked": {
        "lastModified": 1667395993,
        "narHash": "sha256-nuEHfE/LcWyuSWnS8t12N1wc105Qtau+/OdUAjtQ0rA=",
        "owner": "numtide",
        "repo": "flake-utils",
        "rev": "5aed5285a952e0b949eb3ba02c12fa4fcfef535f",
        "type": "github"
      },
      "original": {
        "owner": "numtide",
        "repo": "flake-utils",
        "type": "github"
      }
    }
  },
  "root": "root",
  "version": 7
}
